{
  "name": "react-node-express-localAPI",
  "lockfileVersion": 3,
  "requires": true,
  "packages": {
    "": {
      "dependencies": {
        "@types/morgan": "^1.9.4"
      },
      "devDependencies": {
        "@types/cors": "^2.8.13"
      }
    },
    "node_modules/@types/cors": {
      "version": "2.8.13",
      "resolved": "https://registry.npmjs.org/@types/cors/-/cors-2.8.13.tgz",
      "integrity": "sha512-RG8AStHlUiV5ysZQKq97copd2UmVYw3/pRMLefISZ3S1hK104Cwm7iLQ3fTKx+lsUH2CE8FlLaYeEA2LSeqYUA==",
      "dev": true,
      "dependencies": {
        "@types/node": "*"
      }
    },
    "node_modules/@types/morgan": {
      "version": "1.9.4",
      "resolved": "https://registry.npmjs.org/@types/morgan/-/morgan-1.9.4.tgz",
      "integrity": "sha512-cXoc4k+6+YAllH3ZHmx4hf7La1dzUk6keTR4bF4b4Sc0mZxU/zK4wO7l+ZzezXm/jkYj/qC+uYGZrarZdIVvyQ==",
      "dependencies": {
        "@types/node": "*"
      }
    },
    "node_modules/@types/node": {
      "version": "18.15.11",
      "resolved": "https://registry.npmjs.org/@types/node/-/node-18.15.11.tgz",
      "integrity": "sha512-E5Kwq2n4SbMzQOn6wnmBjuK9ouqlURrcZDVfbo9ftDDTFt3nk7ZKK4GMOzoYgnpQJKcxwQw+lGaBvvlMo0qN/Q=="
    }
  }
}
